// !$*UTF8*$!
{
	archiveVersion = 1;
	classes = {
	};
	objectVersion = 50;
	objects = {

/* Begin PBXBuildFile section */
		6B46B2E82099A61200E77FD2 /* pngquant in Resources */ = {isa = PBXBuildFile; fileRef = 6B46B2E72099A61200E77FD2 /* pngquant */; };
		9E5D6F3C2090768400E484B4 /* fileop in Resources */ = {isa = PBXBuildFile; fileRef = 9E5D6F2A2090768300E484B4 /* fileop */; };
		9E5D6F3F2090768400E484B4 /* jpegtran in Resources */ = {isa = PBXBuildFile; fileRef = 9E5D6F2D2090768300E484B4 /* jpegtran */; };
		9E5D6F402090768400E484B4 /* pngcrush in Resources */ = {isa = PBXBuildFile; fileRef = 9E5D6F2E2090768300E484B4 /* pngcrush */; };
		9E5D6F412090768400E484B4 /* optipng in Resources */ = {isa = PBXBuildFile; fileRef = 9E5D6F2F2090768300E484B4 /* optipng */; };
		9E5D6F422090768400E484B4 /* advpng in Resources */ = {isa = PBXBuildFile; fileRef = 9E5D6F302090768300E484B4 /* advpng */; };
		9E5D6F442090768400E484B4 /* gifsicle in Resources */ = {isa = PBXBuildFile; fileRef = 9E5D6F322090768300E484B4 /* gifsicle */; };
		9E5D6F482090768400E484B4 /* zopflipng in Resources */ = {isa = PBXBuildFile; fileRef = 9E5D6F362090768300E484B4 /* zopflipng */; };
		9E5D6F4A2090768400E484B4 /* guetzli in Resources */ = {isa = PBXBuildFile; fileRef = 9E5D6F382090768300E484B4 /* guetzli */; };
		9E5D6F4B2090768400E484B4 /* jpegoptim in Resources */ = {isa = PBXBuildFile; fileRef = 9E5D6F392090768300E484B4 /* jpegoptim */; };
		9E5D6F6920916EF900E484B4 /* NSImage+DM.m in Sources */ = {isa = PBXBuildFile; fileRef = 9E5D6F6820916EF900E484B4 /* NSImage+DM.m */; };
		9ED3130720903512009BFA8D /* AppDelegate.m in Sources */ = {isa = PBXBuildFile; fileRef = 9ED3130620903512009BFA8D /* AppDelegate.m */; };
		9ED3130A20903512009BFA8D /* ViewController.m in Sources */ = {isa = PBXBuildFile; fileRef = 9ED3130920903512009BFA8D /* ViewController.m */; };
		9ED3130C20903513009BFA8D /* Assets.xcassets in Resources */ = {isa = PBXBuildFile; fileRef = 9ED3130B20903513009BFA8D /* Assets.xcassets */; };
		9ED3130F20903513009BFA8D /* Main.storyboard in Resources */ = {isa = PBXBuildFile; fileRef = 9ED3130D20903513009BFA8D /* Main.storyboard */; };
		9ED3131220903513009BFA8D /* main.m in Sources */ = {isa = PBXBuildFile; fileRef = 9ED3131120903513009BFA8D /* main.m */; };
/* End PBXBuildFile section */

/* Begin PBXFileReference section */
		6B46B2E72099A61200E77FD2 /* pngquant */ = {isa = PBXFileReference; lastKnownFileType = "compiled.mach-o.executable"; path = pngquant; sourceTree = "<group>"; };
		9E5D6F282090768300E484B4 /* liblibpng.dylib */ = {isa = PBXFileReference; lastKnownFileType = "compiled.mach-o.dylib"; path = liblibpng.dylib; sourceTree = "<group>"; };
		9E5D6F2A2090768300E484B4 /* fileop */ = {isa = PBXFileReference; lastKnownFileType = "compiled.mach-o.executable"; path = fileop; sourceTree = "<group>"; };
		9E5D6F2D2090768300E484B4 /* jpegtran */ = {isa = PBXFileReference; lastKnownFileType = "compiled.mach-o.executable"; path = jpegtran; sourceTree = "<group>"; };
		9E5D6F2E2090768300E484B4 /* pngcrush */ = {isa = PBXFileReference; lastKnownFileType = "compiled.mach-o.executable"; path = pngcrush; sourceTree = "<group>"; };
		9E5D6F2F2090768300E484B4 /* optipng */ = {isa = PBXFileReference; lastKnownFileType = "compiled.mach-o.executable"; path = optipng; sourceTree = "<group>"; };
		9E5D6F302090768300E484B4 /* advpng */ = {isa = PBXFileReference; lastKnownFileType = "compiled.mach-o.executable"; path = advpng; sourceTree = "<group>"; };
		9E5D6F312090768300E484B4 /* libimageoptimjpeg.dylib */ = {isa = PBXFileReference; lastKnownFileType = "compiled.mach-o.dylib"; path = libimageoptimjpeg.dylib; sourceTree = "<group>"; };
		9E5D6F322090768300E484B4 /* gifsicle */ = {isa = PBXFileReference; lastKnownFileType = "compiled.mach-o.executable"; path = gifsicle; sourceTree = "<group>"; };
		9E5D6F352090768300E484B4 /* libimagequant.a */ = {isa = PBXFileReference; lastKnownFileType = archive.ar; path = libimagequant.a; sourceTree = "<group>"; };
		9E5D6F362090768300E484B4 /* zopflipng */ = {isa = PBXFileReference; lastKnownFileType = "compiled.mach-o.executable"; path = zopflipng; sourceTree = "<group>"; };
		9E5D6F382090768300E484B4 /* guetzli */ = {isa = PBXFileReference; lastKnownFileType = "compiled.mach-o.executable"; path = guetzli; sourceTree = "<group>"; };
		9E5D6F392090768300E484B4 /* jpegoptim */ = {isa = PBXFileReference; lastKnownFileType = "compiled.mach-o.executable"; path = jpegoptim; sourceTree = "<group>"; };
		9E5D6F6720916EF900E484B4 /* NSImage+DM.h */ = {isa = PBXFileReference; lastKnownFileType = sourcecode.c.h; path = "NSImage+DM.h"; sourceTree = "<group>"; };
		9E5D6F6820916EF900E484B4 /* NSImage+DM.m */ = {isa = PBXFileReference; lastKnownFileType = sourcecode.c.objc; path = "NSImage+DM.m"; sourceTree = "<group>"; };
		9ED3130220903512009BFA8D /* DMMacImageCompress.app */ = {isa = PBXFileReference; explicitFileType = wrapper.application; includeInIndex = 0; path = DMMacImageCompress.app; sourceTree = BUILT_PRODUCTS_DIR; };
		9ED3130520903512009BFA8D /* AppDelegate.h */ = {isa = PBXFileReference; lastKnownFileType = sourcecode.c.h; path = AppDelegate.h; sourceTree = "<group>"; };
		9ED3130620903512009BFA8D /* AppDelegate.m */ = {isa = PBXFileReference; lastKnownFileType = sourcecode.c.objc; path = AppDelegate.m; sourceTree = "<group>"; };
		9ED3130820903512009BFA8D /* ViewController.h */ = {isa = PBXFileReference; lastKnownFileType = sourcecode.c.h; path = ViewController.h; sourceTree = "<group>"; };
		9ED3130920903512009BFA8D /* ViewController.m */ = {isa = PBXFileReference; lastKnownFileType = sourcecode.c.objc; path = ViewController.m; sourceTree = "<group>"; };
		9ED3130B20903513009BFA8D /* Assets.xcassets */ = {isa = PBXFileReference; lastKnownFileType = folder.assetcatalog; path = Assets.xcassets; sourceTree = "<group>"; };
		9ED3130E20903513009BFA8D /* Base */ = {isa = PBXFileReference; lastKnownFileType = file.storyboard; name = Base; path = Base.lproj/Main.storyboard; sourceTree = "<group>"; };
		9ED3131020903513009BFA8D /* Info.plist */ = {isa = PBXFileReference; lastKnownFileType = text.plist.xml; path = Info.plist; sourceTree = "<group>"; };
		9ED3131120903513009BFA8D /* main.m */ = {isa = PBXFileReference; lastKnownFileType = sourcecode.c.objc; path = main.m; sourceTree = "<group>"; };
		9ED3131320903513009BFA8D /* DMMacImageCompress.entitlements */ = {isa = PBXFileReference; lastKnownFileType = text.plist.entitlements; path = DMMacImageCompress.entitlements; sourceTree = "<group>"; };
/* End PBXFileReference section */

/* Begin PBXFrameworksBuildPhase section */
		9ED312FF20903512009BFA8D /* Frameworks */ = {
			isa = PBXFrameworksBuildPhase;
			buildActionMask = 2147483647;
			files = (
			);
			runOnlyForDeploymentPostprocessing = 0;
		};
/* End PBXFrameworksBuildPhase section */

/* Begin PBXGroup section */
		9E5D6F272090768300E484B4 /* Debug */ = {
			isa = PBXGroup;
			children = (
				9E5D6F282090768300E484B4 /* liblibpng.dylib */,
				9E5D6F2A2090768300E484B4 /* fileop */,
				9E5D6F2D2090768300E484B4 /* jpegtran */,
				9E5D6F2E2090768300E484B4 /* pngcrush */,
				9E5D6F2F2090768300E484B4 /* optipng */,
				9E5D6F302090768300E484B4 /* advpng */,
				9E5D6F322090768300E484B4 /* gifsicle */,
				9E5D6F352090768300E484B4 /* libimagequant.a */,
				9E5D6F382090768300E484B4 /* guetzli */,
				9E5D6F392090768300E484B4 /* jpegoptim */,
			);
			path = Debug;
			sourceTree = "<group>";
		};
		9EBE353B2090606200D2D45E /* Frameworks */ = {
			isa = PBXGroup;
			children = (
				9E5D6F312090768300E484B4 /* libimageoptimjpeg.dylib */,
			);
			name = Frameworks;
			sourceTree = "<group>";
		};
		9ED312F920903512009BFA8D = {
			isa = PBXGroup;
			children = (
				9ED3130420903512009BFA8D /* DMMacImageCompress */,
				9ED3130320903512009BFA8D /* Products */,
				9EBE353B2090606200D2D45E /* Frameworks */,
			);
			sourceTree = "<group>";
		};
		9ED3130320903512009BFA8D /* Products */ = {
			isa = PBXGroup;
			children = (
				9ED3130220903512009BFA8D /* DMMacImageCompress.app */,
			);
			name = Products;
			sourceTree = "<group>";
		};
		9ED3130420903512009BFA8D /* DMMacImageCompress */ = {
			isa = PBXGroup;
			children = (
				6B46B2E72099A61200E77FD2 /* pngquant */,
				9E5D6F362090768300E484B4 /* zopflipng */,
				9E5D6F272090768300E484B4 /* Debug */,
				9ED3130520903512009BFA8D /* AppDelegate.h */,
				9ED3130620903512009BFA8D /* AppDelegate.m */,
				9ED3130820903512009BFA8D /* ViewController.h */,
				9ED3130920903512009BFA8D /* ViewController.m */,
				9E5D6F6720916EF900E484B4 /* NSImage+DM.h */,
				9E5D6F6820916EF900E484B4 /* NSImage+DM.m */,
				9ED3130B20903513009BFA8D /* Assets.xcassets */,
				9ED3130D20903513009BFA8D /* Main.storyboard */,
				9ED3131020903513009BFA8D /* Info.plist */,
				9ED3131120903513009BFA8D /* main.m */,
				9ED3131320903513009BFA8D /* DMMacImageCompress.entitlements */,
			);
			path = DMMacImageCompress;
			sourceTree = "<group>";
		};
/* End PBXGroup section */

/* Begin PBXNativeTarget section */
		9ED3130120903512009BFA8D /* DMMacImageCompress */ = {
			isa = PBXNativeTarget;
			buildConfigurationList = 9ED3131620903513009BFA8D /* Build configuration list for PBXNativeTarget "DMMacImageCompress" */;
			buildPhases = (
				9ED312FE20903512009BFA8D /* Sources */,
				9ED312FF20903512009BFA8D /* Frameworks */,
				9ED3130020903512009BFA8D /* Resources */,
			);
			buildRules = (
			);
			dependencies = (
			);
			name = DMMacImageCompress;
			productName = DMMacImageCompress;
			productReference = 9ED3130220903512009BFA8D /* DMMacImageCompress.app */;
			productType = "com.apple.product-type.application";
		};
/* End PBXNativeTarget section */

/* Begin PBXProject section */
		9ED312FA20903512009BFA8D /* Project object */ = {
			isa = PBXProject;
			attributes = {
				LastUpgradeCheck = 0930;
				ORGANIZATIONNAME = leoliu;
				TargetAttributes = {
					9ED3130120903512009BFA8D = {
						CreatedOnToolsVersion = 9.3;
						SystemCapabilities = {
							com.apple.Sandbox = {
								enabled = 1;
							};
						};
					};
				};
			};
			buildConfigurationList = 9ED312FD20903512009BFA8D /* Build configuration list for PBXProject "DMMacImageCompress" */;
			compatibilityVersion = "Xcode 9.3";
			developmentRegion = en;
			hasScannedForEncodings = 0;
			knownRegions = (
				en,
				Base,
			);
			mainGroup = 9ED312F920903512009BFA8D;
			productRefGroup = 9ED3130320903512009BFA8D /* Products */;
			projectDirPath = "";
			projectRoot = "";
			targets = (
				9ED3130120903512009BFA8D /* DMMacImageCompress */,
			);
		};
/* End PBXProject section */

/* Begin PBXResourcesBuildPhase section */
		9ED3130020903512009BFA8D /* Resources */ = {
			isa = PBXResourcesBuildPhase;
			buildActionMask = 2147483647;
			files = (
				9E5D6F402090768400E484B4 /* pngcrush in Resources */,
				9E5D6F442090768400E484B4 /* gifsicle in Resources */,
				9E5D6F3C2090768400E484B4 /* fileop in Resources */,
				9ED3130C20903513009BFA8D /* Assets.xcassets in Resources */,
				9E5D6F4B2090768400E484B4 /* jpegoptim in Resources */,
				9ED3130F20903513009BFA8D /* Main.storyboard in Resources */,
				6B46B2E82099A61200E77FD2 /* pngquant in Resources */,
				9E5D6F4A2090768400E484B4 /* guetzli in Resources */,
				9E5D6F3F2090768400E484B4 /* jpegtran in Resources */,
				9E5D6F422090768400E484B4 /* advpng in Resources */,
				9E5D6F412090768400E484B4 /* optipng in Resources */,
				9E5D6F482090768400E484B4 /* zopflipng in Resources */,
			);
			runOnlyForDeploymentPostprocessing = 0;
		};
/* End PBXResourcesBuildPhase section */

/* Begin PBXSourcesBuildPhase section */
		9ED312FE20903512009BFA8D /* Sources */ = {
			isa = PBXSourcesBuildPhase;
			buildActionMask = 2147483647;
			files = (
				9ED3130A20903512009BFA8D /* ViewController.m in Sources */,
				9ED3131220903513009BFA8D /* main.m in Sources */,
				9ED3130720903512009BFA8D /* AppDelegate.m in Sources */,
				9E5D6F6920916EF900E484B4 /* NSImage+DM.m in Sources */,
			);
			runOnlyForDeploymentPostprocessing = 0;
		};
/* End PBXSourcesBuildPhase section */

/* Begin PBXVariantGroup section */
		9ED3130D20903513009BFA8D /* Main.storyboard */ = {
			isa = PBXVariantGroup;
			children = (
				9ED3130E20903513009BFA8D /* Base */,
			);
			name = Main.storyboard;
			sourceTree = "<group>";
		};
/* End PBXVariantGroup section */

/* Begin XCBuildConfiguration section */
		9ED3131420903513009BFA8D /* Debug */ = {
			isa = XCBuildConfiguration;
			buildSettings = {
				ALWAYS_SEARCH_USER_PATHS = NO;
				CLANG_ANALYZER_NONNULL = YES;
				CLANG_ANALYZER_NUMBER_OBJECT_CONVERSION = YES_AGGRESSIVE;
				CLANG_CXX_LANGUAGE_STANDARD = "gnu++14";
				CLANG_CXX_LIBRARY = "libc++";
				CLANG_ENABLE_MODULES = YES;
				CLANG_ENABLE_OBJC_ARC = YES;
				CLANG_ENABLE_OBJC_WEAK = YES;
				CLANG_WARN_BLOCK_CAPTURE_AUTORELEASING = YES;
				CLANG_WARN_BOOL_CONVERSION = YES;
				CLANG_WARN_COMMA = YES;
				CLANG_WARN_CONSTANT_CONVERSION = YES;
				CLANG_WARN_DEPRECATED_OBJC_IMPLEMENTATIONS = YES;
				CLANG_WARN_DIRECT_OBJC_ISA_USAGE = YES_ERROR;
				CLANG_WARN_DOCUMENTATION_COMMENTS = YES;
				CLANG_WARN_EMPTY_BODY = YES;
				CLANG_WARN_ENUM_CONVERSION = YES;
				CLANG_WARN_INFINITE_RECURSION = YES;
				CLANG_WARN_INT_CONVERSION = YES;
				CLANG_WARN_NON_LITERAL_NULL_CONVERSION = YES;
				CLANG_WARN_OBJC_IMPLICIT_RETAIN_SELF = YES;
				CLANG_WARN_OBJC_LITERAL_CONVERSION = YES;
				CLANG_WARN_OBJC_ROOT_CLASS = YES_ERROR;
				CLANG_WARN_RANGE_LOOP_ANALYSIS = YES;
				CLANG_WARN_STRICT_PROTOTYPES = YES;
				CLANG_WARN_SUSPICIOUS_MOVE = YES;
				CLANG_WARN_UNGUARDED_AVAILABILITY = YES_AGGRESSIVE;
				CLANG_WARN_UNREACHABLE_CODE = YES;
				CLANG_WARN__DUPLICATE_METHOD_MATCH = YES;
				CODE_SIGN_IDENTITY = "-";
				COPY_PHASE_STRIP = NO;
				DEBUG_INFORMATION_FORMAT = dwarf;
				ENABLE_STRICT_OBJC_MSGSEND = YES;
				ENABLE_TESTABILITY = YES;
				GCC_C_LANGUAGE_STANDARD = gnu11;
				GCC_DYNAMIC_NO_PIC = NO;
				GCC_NO_COMMON_BLOCKS = YES;
				GCC_OPTIMIZATION_LEVEL = 0;
				GCC_PREPROCESSOR_DEFINITIONS = (
					"DEBUG=1",
					"$(inherited)",
				);
				GCC_WARN_64_TO_32_BIT_CONVERSION = YES;
				GCC_WARN_ABOUT_RETURN_TYPE = YES_ERROR;
				GCC_WARN_UNDECLARED_SELECTOR = YES;
				GCC_WARN_UNINITIALIZED_AUTOS = YES_AGGRESSIVE;
				GCC_WARN_UNUSED_FUNCTION = YES;
				GCC_WARN_UNUSED_VARIABLE = YES;
				MACOSX_DEPLOYMENT_TARGET = 10.13;
				MTL_ENABLE_DEBUG_INFO = YES;
				ONLY_ACTIVE_ARCH = YES;
				SDKROOT = macosx;
			};
			name = Debug;
		};
		9ED3131520903513009BFA8D /* Release */ = {
			isa = XCBuildConfiguration;
			buildSettings = {
				ALWAYS_SEARCH_USER_PATHS = NO;
				CLANG_ANALYZER_NONNULL = YES;
				CLANG_ANALYZER_NUMBER_OBJECT_CONVERSION = YES_AGGRESSIVE;
				CLANG_CXX_LANGUAGE_STANDARD = "gnu++14";
				CLANG_CXX_LIBRARY = "libc++";
				CLANG_ENABLE_MODULES = YES;
				CLANG_ENABLE_OBJC_ARC = YES;
				CLANG_ENABLE_OBJC_WEAK = YES;
				CLANG_WARN_BLOCK_CAPTURE_AUTORELEASING = YES;
				CLANG_WARN_BOOL_CONVERSION = YES;
				CLANG_WARN_COMMA = YES;
				CLANG_WARN_CONSTANT_CONVERSION = YES;
				CLANG_WARN_DEPRECATED_OBJC_IMPLEMENTATIONS = YES;
				CLANG_WARN_DIRECT_OBJC_ISA_USAGE = YES_ERROR;
				CLANG_WARN_DOCUMENTATION_COMMENTS = YES;
				CLANG_WARN_EMPTY_BODY = YES;
				CLANG_WARN_ENUM_CONVERSION = YES;
				CLANG_WARN_INFINITE_RECURSION = YES;
				CLANG_WARN_INT_CONVERSION = YES;
				CLANG_WARN_NON_LITERAL_NULL_CONVERSION = YES;
				CLANG_WARN_OBJC_IMPLICIT_RETAIN_SELF = YES;
				CLANG_WARN_OBJC_LITERAL_CONVERSION = YES;
				CLANG_WARN_OBJC_ROOT_CLASS = YES_ERROR;
				CLANG_WARN_RANGE_LOOP_ANALYSIS = YES;
				CLANG_WARN_STRICT_PROTOTYPES = YES;
				CLANG_WARN_SUSPICIOUS_MOVE = YES;
				CLANG_WARN_UNGUARDED_AVAILABILITY = YES_AGGRESSIVE;
				CLANG_WARN_UNREACHABLE_CODE = YES;
				CLANG_WARN__DUPLICATE_METHOD_MATCH = YES;
				CODE_SIGN_IDENTITY = "-";
				COPY_PHASE_STRIP = NO;
				DEBUG_INFORMATION_FORMAT = "dwarf-with-dsym";
				ENABLE_NS_ASSERTIONS = NO;
				ENABLE_STRICT_OBJC_MSGSEND = YES;
				GCC_C_LANGUAGE_STANDARD = gnu11;
				GCC_NO_COMMON_BLOCKS = YES;
				GCC_WARN_64_TO_32_BIT_CONVERSION = YES;
				GCC_WARN_ABOUT_RETURN_TYPE = YES_ERROR;
				GCC_WARN_UNDECLARED_SELECTOR = YES;
				GCC_WARN_UNINITIALIZED_AUTOS = YES_AGGRESSIVE;
				GCC_WARN_UNUSED_FUNCTION = YES;
				GCC_WARN_UNUSED_VARIABLE = YES;
				MACOSX_DEPLOYMENT_TARGET = 10.13;
				MTL_ENABLE_DEBUG_INFO = NO;
				SDKROOT = macosx;
			};
			name = Release;
		};
		9ED3131720903513009BFA8D /* Debug */ = {
			isa = XCBuildConfiguration;
			buildSettings = {
				ASSETCATALOG_COMPILER_APPICON_NAME = AppIcon;
				CODE_SIGN_ENTITLEMENTS = DMMacImageCompress/DMMacImageCompress.entitlements;
				CODE_SIGN_IDENTITY = "Mac Developer";
				CODE_SIGN_STYLE = Automatic;
				COMBINE_HIDPI_IMAGES = YES;
				DEVELOPMENT_TEAM = Y4UL5C53R3;
				FRAMEWORK_SEARCH_PATHS = (
					"$(inherited)",
					"$(PROJECT_DIR)/DMMacImageCompress",
					"$(PROJECT_DIR)/DMMacImageCompress/Debug",
				);
				INFOPLIST_FILE = DMMacImageCompress/Info.plist;
				LD_DYLIB_INSTALL_NAME = "";
				LD_RUNPATH_SEARCH_PATHS = "$(inherited)";
				LIBRARY_SEARCH_PATHS = (
					"$(inherited)",
					"$(PROJECT_DIR)/DMMacImageCompress/Debug",
					"$(PROJECT_DIR)",
				);
				PRODUCT_BUNDLE_IDENTIFIER = com.msb.test.DMMacImageCompress;
				PRODUCT_NAME = "$(TARGET_NAME)";
				PROVISIONING_PROFILE_SPECIFIER = "";
			};
			name = Debug;
		};
		9ED3131820903513009BFA8D /* Release */ = {
			isa = XCBuildConfiguration;
			buildSettings = {
				ASSETCATALOG_COMPILER_APPICON_NAME = AppIcon;
				CODE_SIGN_ENTITLEMENTS = DMMacImageCompress/DMMacImageCompress.entitlements;
				CODE_SIGN_IDENTITY = "Mac Developer";
				CODE_SIGN_STYLE = Automatic;
				COMBINE_HIDPI_IMAGES = YES;
				DEVELOPMENT_TEAM = Y4UL5C53R3;
				FRAMEWORK_SEARCH_PATHS = (
					"$(inherited)",
					"$(PROJECT_DIR)/DMMacImageCompress",
					"$(PROJECT_DIR)/DMMacImageCompress/Debug",
				);
				INFOPLIST_FILE = DMMacImageCompress/Info.plist;
				LD_DYLIB_INSTALL_NAME = "";
				LD_RUNPATH_SEARCH_PATHS = "$(inherited)";
				LIBRARY_SEARCH_PATHS = (
					"$(inherited)",
					"$(PROJECT_DIR)/DMMacImageCompress/Debug",
					"$(PROJECT_DIR)",
				);
				PRODUCT_BUNDLE_IDENTIFIER = com.msb.test.DMMacImageCompress;
				PRODUCT_NAME = "$(TARGET_NAME)";
				PROVISIONING_PROFILE_SPECIFIER = "";
			};
			name = Release;
		};
/* End XCBuildConfiguration section */

/* Begin XCConfigurationList section */
		9ED312FD20903512009BFA8D /* Build configuration list for PBXProject "DMMacImageCompress" */ = {
			isa = XCConfigurationList;
			buildConfigurations = (
				9ED3131420903513009BFA8D /* Debug */,
				9ED3131520903513009BFA8D /* Release */,
			);
			defaultConfigurationIsVisible = 0;
			defaultConfigurationName = Release;
		};
		9ED3131620903513009BFA8D /* Build configuration list for PBXNativeTarget "DMMacImageCompress" */ = {
			isa = XCConfigurationList;
			buildConfigurations = (
				9ED3131720903513009BFA8D /* Debug */,
				9ED3131820903513009BFA8D /* Release */,
			);
			defaultConfigurationIsVisible = 0;
			defaultConfigurationName = Release;
		};
/* End XCConfigurationList section */
	};
	rootObject = 9ED312FA20903512009BFA8D /* Project object */;
}
